
Microsoft Visual Studio Solution File, Format Version 12.00
# Visual Studio Version 16
VisualStudioVersion = 16.0.29905.134
MinimumVisualStudioVersion = 10.0.40219.1
Project("{FAE04EC0-301F-11D3-BF4B-00C04F79EFBC}") = "light signature change", "light signature change.csproj", "{FA4E5923-C721-423A-8B15-B40EF90EBF04}"
EndProject
Global
	GlobalSection(SolutionConfigurationPlatforms) = preSolution
		Debug|Any CPU = Debug|Any CPU
		Release|Any CPU = Release|Any CPU
	EndGlobalSection
	GlobalSection(ProjectConfigurationPlatforms) = postSolution
		{FA4E5923-C721-423A-8B15-B40EF90EBF04}.Debug|Any CPU.ActiveCfg = Debug|Any CPU
		{FA4E5923-C721-423A-8B15-B40EF90EBF04}.Debug|Any CPU.Build.0 = Debug|Any CPU
		{FA4E5923-C721-423A-8B15-B40EF90EBF04}.Release|Any CPU.ActiveCfg = Release|Any CPU
		{FA4E5923-C721-423A-8B15-B40EF90EBF04}.Release|Any CPU.Build.0 = Release|Any CPU
	EndGlobalSection
	GlobalSection(SolutionProperties) = preSolution
		HideSolutionNode = FALSE
	EndGlobalSection
	GlobalSection(ExtensibilityGlobals) = postSolution
		SolutionGuid = {7E1995FD-9D52-4AAB-9618-EEB83A2AA038}
	EndGlobalSection
EndGlobal
