
Microsoft Visual Studio Solution File, Format Version 12.00
# Visual Studio Version 16
VisualStudioVersion = 16.0.29905.134
MinimumVisualStudioVersion = 10.0.40219.1
Project("{FAE04EC0-301F-11D3-BF4B-00C04F79EFBC}") = "Console  practice", "Console  practice.csproj", "{3149B994-BC55-4141-B45E-C2212A155682}"
EndProject
Global
	GlobalSection(SolutionConfigurationPlatforms) = preSolution
		Debug|Any CPU = Debug|Any CPU
		Release|Any CPU = Release|Any CPU
	EndGlobalSection
	GlobalSection(ProjectConfigurationPlatforms) = postSolution
		{3149B994-BC55-4141-B45E-C2212A155682}.Debug|Any CPU.ActiveCfg = Debug|Any CPU
		{3149B994-BC55-4141-B45E-C2212A155682}.Debug|Any CPU.Build.0 = Debug|Any CPU
		{3149B994-BC55-4141-B45E-C2212A155682}.Release|Any CPU.ActiveCfg = Release|Any CPU
		{3149B994-BC55-4141-B45E-C2212A155682}.Release|Any CPU.Build.0 = Release|Any CPU
	EndGlobalSection
	GlobalSection(SolutionProperties) = preSolution
		HideSolutionNode = FALSE
	EndGlobalSection
	GlobalSection(ExtensibilityGlobals) = postSolution
		SolutionGuid = {B47F8686-A3AF-4789-A891-3B87273D84E5}
	EndGlobalSection
EndGlobal
